
Microsoft Visual Studio Solution File, Format Version 12.00
# Visual Studio 15
VisualStudioVersion = 15.0.26730.16
MinimumVisualStudioVersion = 10.0.40219.1
Project("{FAE04EC0-301F-11D3-BF4B-00C04F79EFBC}") = "spacepractice", "spacepractice\spacepractice.csproj", "{92AD444E-A765-4FD4-B5D5-A9A5AB6D1011}"
EndProject
Global
	GlobalSection(SolutionConfigurationPlatforms) = preSolution
		Debug|Any CPU = Debug|Any CPU
		Release|Any CPU = Release|Any CPU
	EndGlobalSection
	GlobalSection(ProjectConfigurationPlatforms) = postSolution
		{92AD444E-A765-4FD4-B5D5-A9A5AB6D1011}.Debug|Any CPU.ActiveCfg = Debug|Any CPU
		{92AD444E-A765-4FD4-B5D5-A9A5AB6D1011}.Debug|Any CPU.Build.0 = Debug|Any CPU
		{92AD444E-A765-4FD4-B5D5-A9A5AB6D1011}.Release|Any CPU.ActiveCfg = Release|Any CPU
		{92AD444E-A765-4FD4-B5D5-A9A5AB6D1011}.Release|Any CPU.Build.0 = Release|Any CPU
	EndGlobalSection
	GlobalSection(SolutionProperties) = preSolution
		HideSolutionNode = FALSE
	EndGlobalSection
	GlobalSection(ExtensibilityGlobals) = postSolution
		SolutionGuid = {006DC7A7-0CC0-4420-81DE-244672A3815D}
	EndGlobalSection
EndGlobal
